
Microsoft Visual Studio Solution File, Format Version 12.00
# Visual Studio 14
VisualStudioVersion = 14.0.25420.1
MinimumVisualStudioVersion = 10.0.40219.1
Project("{2150E333-8FDC-42A3-9474-1A3956D46DE8}") = "Data", "Data", "{887FF872-F381-4D36-9639-1FF92F66FF7E}"
EndProject
Project("{FAE04EC0-301F-11D3-BF4B-00C04F79EFBC}") = "SimpleForum.Data", "Data\SimpleForum.Data\SimpleForum.Data.csproj", "{BC292F94-538F-4F0B-842B-767A8F280F0D}"
EndProject
Project("{FAE04EC0-301F-11D3-BF4B-00C04F79EFBC}") = "SimpleForum.Data.Models", "Data\SimpleForum.Data.Models\SimpleForum.Data.Models.csproj", "{808E3E3C-93F0-4034-85E6-9C45FF5CCA49}"
EndProject
Project("{2150E333-8FDC-42A3-9474-1A3956D46DE8}") = "Web", "Web", "{D02C29AD-EA84-4071-B997-0E27BAEB34BF}"
EndProject
Project("{FAE04EC0-301F-11D3-BF4B-00C04F79EFBC}") = "SimpleForum.Web", "Web\SimpleForum.Web\SimpleForum.Web.csproj", "{D5154501-12B8-4324-9B6C-B2355041C197}"
EndProject
Project("{FAE04EC0-301F-11D3-BF4B-00C04F79EFBC}") = "SimpleForum.Data.Contracts", "Data\SimpleForum.Data.Contracts\SimpleForum.Data.Contracts.csproj", "{B721196F-0091-44B7-B718-6BB92663A443}"
EndProject
Project("{FAE04EC0-301F-11D3-BF4B-00C04F79EFBC}") = "SimpleForum.Web.Infrastructure", "Web\SimpleForum.Web.Infrastructure\SimpleForum.Web.Infrastructure.csproj", "{109358B3-BA56-4254-BE5D-56BBEE9B6601}"
EndProject
Global
	GlobalSection(SolutionConfigurationPlatforms) = preSolution
		Debug|Any CPU = Debug|Any CPU
		Release|Any CPU = Release|Any CPU
	EndGlobalSection
	GlobalSection(ProjectConfigurationPlatforms) = postSolution
		{BC292F94-538F-4F0B-842B-767A8F280F0D}.Debug|Any CPU.ActiveCfg = Debug|Any CPU
		{BC292F94-538F-4F0B-842B-767A8F280F0D}.Debug|Any CPU.Build.0 = Debug|Any CPU
		{BC292F94-538F-4F0B-842B-767A8F280F0D}.Release|Any CPU.ActiveCfg = Release|Any CPU
		{BC292F94-538F-4F0B-842B-767A8F280F0D}.Release|Any CPU.Build.0 = Release|Any CPU
		{808E3E3C-93F0-4034-85E6-9C45FF5CCA49}.Debug|Any CPU.ActiveCfg = Debug|Any CPU
		{808E3E3C-93F0-4034-85E6-9C45FF5CCA49}.Debug|Any CPU.Build.0 = Debug|Any CPU
		{808E3E3C-93F0-4034-85E6-9C45FF5CCA49}.Release|Any CPU.ActiveCfg = Release|Any CPU
		{808E3E3C-93F0-4034-85E6-9C45FF5CCA49}.Release|Any CPU.Build.0 = Release|Any CPU
		{D5154501-12B8-4324-9B6C-B2355041C197}.Debug|Any CPU.ActiveCfg = Debug|Any CPU
		{D5154501-12B8-4324-9B6C-B2355041C197}.Debug|Any CPU.Build.0 = Debug|Any CPU
		{D5154501-12B8-4324-9B6C-B2355041C197}.Release|Any CPU.ActiveCfg = Release|Any CPU
		{D5154501-12B8-4324-9B6C-B2355041C197}.Release|Any CPU.Build.0 = Release|Any CPU
		{B721196F-0091-44B7-B718-6BB92663A443}.Debug|Any CPU.ActiveCfg = Debug|Any CPU
		{B721196F-0091-44B7-B718-6BB92663A443}.Debug|Any CPU.Build.0 = Debug|Any CPU
		{B721196F-0091-44B7-B718-6BB92663A443}.Release|Any CPU.ActiveCfg = Release|Any CPU
		{B721196F-0091-44B7-B718-6BB92663A443}.Release|Any CPU.Build.0 = Release|Any CPU
		{109358B3-BA56-4254-BE5D-56BBEE9B6601}.Debug|Any CPU.ActiveCfg = Debug|Any CPU
		{109358B3-BA56-4254-BE5D-56BBEE9B6601}.Debug|Any CPU.Build.0 = Debug|Any CPU
		{109358B3-BA56-4254-BE5D-56BBEE9B6601}.Release|Any CPU.ActiveCfg = Release|Any CPU
		{109358B3-BA56-4254-BE5D-56BBEE9B6601}.Release|Any CPU.Build.0 = Release|Any CPU
	EndGlobalSection
	GlobalSection(SolutionProperties) = preSolution
		HideSolutionNode = FALSE
	EndGlobalSection
	GlobalSection(NestedProjects) = preSolution
		{BC292F94-538F-4F0B-842B-767A8F280F0D} = {887FF872-F381-4D36-9639-1FF92F66FF7E}
		{808E3E3C-93F0-4034-85E6-9C45FF5CCA49} = {887FF872-F381-4D36-9639-1FF92F66FF7E}
		{D5154501-12B8-4324-9B6C-B2355041C197} = {D02C29AD-EA84-4071-B997-0E27BAEB34BF}
		{B721196F-0091-44B7-B718-6BB92663A443} = {887FF872-F381-4D36-9639-1FF92F66FF7E}
		{109358B3-BA56-4254-BE5D-56BBEE9B6601} = {D02C29AD-EA84-4071-B997-0E27BAEB34BF}
	EndGlobalSection
EndGlobal
